
Microsoft Visual Studio Solution File, Format Version 12.00
# Visual Studio Version 16
VisualStudioVersion = 16.0.31424.327
MinimumVisualStudioVersion = 10.0.40219.1
Project("{9A19103F-16F7-4668-BE54-9A1E7A4F7556}") = "Asa.TPC", "Asa.TPC\Asa.TPC.csproj", "{1DC7B10C-D605-46BC-B409-F0BC87C9535B}"
EndProject
Project("{FAE04EC0-301F-11D3-BF4B-00C04F79EFBC}") = "Asa.TPC.Cas", "Asa.TPC.Cas\Asa.TPC.Cas.csproj", "{88FFFCFB-EB9B-4FC8-9243-D9B69DF792AB}"
EndProject
Global
	GlobalSection(SolutionConfigurationPlatforms) = preSolution
		Debug|Any CPU = Debug|Any CPU
		Release|Any CPU = Release|Any CPU
	EndGlobalSection
	GlobalSection(ProjectConfigurationPlatforms) = postSolution
		{1DC7B10C-D605-46BC-B409-F0BC87C9535B}.Debug|Any CPU.ActiveCfg = Debug|Any CPU
		{1DC7B10C-D605-46BC-B409-F0BC87C9535B}.Debug|Any CPU.Build.0 = Debug|Any CPU
		{1DC7B10C-D605-46BC-B409-F0BC87C9535B}.Release|Any CPU.ActiveCfg = Release|Any CPU
		{1DC7B10C-D605-46BC-B409-F0BC87C9535B}.Release|Any CPU.Build.0 = Release|Any CPU
		{88FFFCFB-EB9B-4FC8-9243-D9B69DF792AB}.Debug|Any CPU.ActiveCfg = Debug|Any CPU
		{88FFFCFB-EB9B-4FC8-9243-D9B69DF792AB}.Debug|Any CPU.Build.0 = Debug|Any CPU
		{88FFFCFB-EB9B-4FC8-9243-D9B69DF792AB}.Release|Any CPU.ActiveCfg = Release|Any CPU
		{88FFFCFB-EB9B-4FC8-9243-D9B69DF792AB}.Release|Any CPU.Build.0 = Release|Any CPU
	EndGlobalSection
	GlobalSection(SolutionProperties) = preSolution
		HideSolutionNode = FALSE
	EndGlobalSection
	GlobalSection(ExtensibilityGlobals) = postSolution
		SolutionGuid = {A2B09E03-F048-4E15-B411-1AE88B04CCCE}
	EndGlobalSection
EndGlobal
